// !$*UTF8*$!
{
	archiveVersion = 1;
	classes = {
	};
	objectVersion = 46;
	objects = {

/* Begin PBXBuildFile section */
		565F0C381B2773E8001A86A8 /* AppDelegate.swift in Sources */ = {isa = PBXBuildFile; fileRef = 565F0C371B2773E8001A86A8 /* AppDelegate.swift */; };
		565F0C3A1B2773E8001A86A8 /* Assets.xcassets in Resources */ = {isa = PBXBuildFile; fileRef = 565F0C391B2773E8001A86A8 /* Assets.xcassets */; };
		565F0C3D1B2773E8001A86A8 /* MainMenu.xib in Resources */ = {isa = PBXBuildFile; fileRef = 565F0C3B1B2773E8001A86A8 /* MainMenu.xib */; };
/* End PBXBuildFile section */

/* Begin PBXFileReference section */
		565F0C341B2773E8001A86A8 /* TwitMin.app */ = {isa = PBXFileReference; explicitFileType = wrapper.application; includeInIndex = 0; path = TwitMin.app; sourceTree = BUILT_PRODUCTS_DIR; };
		565F0C371B2773E8001A86A8 /* AppDelegate.swift */ = {isa = PBXFileReference; lastKnownFileType = sourcecode.swift; path = AppDelegate.swift; sourceTree = "<group>"; };
		565F0C391B2773E8001A86A8 /* Assets.xcassets */ = {isa = PBXFileReference; lastKnownFileType = folder.assetcatalog; path = Assets.xcassets; sourceTree = "<group>"; };
		565F0C3C1B2773E8001A86A8 /* Base */ = {isa = PBXFileReference; lastKnownFileType = file.xib; name = Base; path = Base.lproj/MainMenu.xib; sourceTree = "<group>"; };
		565F0C3E1B2773E8001A86A8 /* Info.plist */ = {isa = PBXFileReference; lastKnownFileType = text.plist.xml; path = Info.plist; sourceTree = "<group>"; };
/* End PBXFileReference section */

/* Begin PBXFrameworksBuildPhase section */
		565F0C311B2773E8001A86A8 /* Frameworks */ = {
			isa = PBXFrameworksBuildPhase;
			buildActionMask = 2147483647;
			files = (
			);
			runOnlyForDeploymentPostprocessing = 0;
		};
/* End PBXFrameworksBuildPhase section */

/* Begin PBXGroup section */
		565F0C2B1B2773E8001A86A8 = {
			isa = PBXGroup;
			children = (
				565F0C361B2773E8001A86A8 /* TwitMin */,
				565F0C351B2773E8001A86A8 /* Products */,
			);
			sourceTree = "<group>";
		};
		565F0C351B2773E8001A86A8 /* Products */ = {
			isa = PBXGroup;
			children = (
				565F0C341B2773E8001A86A8 /* TwitMin.app */,
			);
			name = Products;
			sourceTree = "<group>";
		};
		565F0C361B2773E8001A86A8 /* TwitMin */ = {
			isa = PBXGroup;
			children = (
				565F0C371B2773E8001A86A8 /* AppDelegate.swift */,
				565F0C391B2773E8001A86A8 /* Assets.xcassets */,
				565F0C3B1B2773E8001A86A8 /* MainMenu.xib */,
				565F0C3E1B2773E8001A86A8 /* Info.plist */,
			);
			path = TwitMin;
			sourceTree = "<group>";
		};
/* End PBXGroup section */

/* Begin PBXNativeTarget section */
		565F0C331B2773E8001A86A8 /* TwitMin */ = {
			isa = PBXNativeTarget;
			buildConfigurationList = 565F0C411B2773E8001A86A8 /* Build configuration list for PBXNativeTarget "TwitMin" */;
			buildPhases = (
				565F0C301B2773E8001A86A8 /* Sources */,
				565F0C311B2773E8001A86A8 /* Frameworks */,
				565F0C321B2773E8001A86A8 /* Resources */,
			);
			buildRules = (
			);
			dependencies = (
			);
			name = TwitMin;
			productName = TwitMin;
			productReference = 565F0C341B2773E8001A86A8 /* TwitMin.app */;
			productType = "com.apple.product-type.application";
		};
/* End PBXNativeTarget section */

/* Begin PBXProject section */
		565F0C2C1B2773E8001A86A8 /* Project object */ = {
			isa = PBXProject;
			attributes = {
				LastUpgradeCheck = 0700;
				ORGANIZATIONNAME = "Peter Wunder";
				TargetAttributes = {
					565F0C331B2773E8001A86A8 = {
						CreatedOnToolsVersion = 7.0;
					};
				};
			};
			buildConfigurationList = 565F0C2F1B2773E8001A86A8 /* Build configuration list for PBXProject "TwitMin" */;
			compatibilityVersion = "Xcode 3.2";
			developmentRegion = English;
			hasScannedForEncodings = 0;
			knownRegions = (
				en,
				Base,
			);
			mainGroup = 565F0C2B1B2773E8001A86A8;
			productRefGroup = 565F0C351B2773E8001A86A8 /* Products */;
			projectDirPath = "";
			projectRoot = "";
			targets = (
				565F0C331B2773E8001A86A8 /* TwitMin */,
			);
		};
/* End PBXProject section */

/* Begin PBXResourcesBuildPhase section */
		565F0C321B2773E8001A86A8 /* Resources */ = {
			isa = PBXResourcesBuildPhase;
			buildActionMask = 2147483647;
			files = (
				565F0C3A1B2773E8001A86A8 /* Assets.xcassets in Resources */,
				565F0C3D1B2773E8001A86A8 /* MainMenu.xib in Resources */,
			);
			runOnlyForDeploymentPostprocessing = 0;
		};
/* End PBXResourcesBuildPhase section */

/* Begin PBXSourcesBuildPhase section */
		565F0C301B2773E8001A86A8 /* Sources */ = {
			isa = PBXSourcesBuildPhase;
			buildActionMask = 2147483647;
			files = (
				565F0C381B2773E8001A86A8 /* AppDelegate.swift in Sources */,
			);
			runOnlyForDeploymentPostprocessing = 0;
		};
/* End PBXSourcesBuildPhase section */

/* Begin PBXVariantGroup section */
		565F0C3B1B2773E8001A86A8 /* MainMenu.xib */ = {
			isa = PBXVariantGroup;
			children = (
				565F0C3C1B2773E8001A86A8 /* Base */,
			);
			name = MainMenu.xib;
			sourceTree = "<group>";
		};
/* End PBXVariantGroup section */

/* Begin XCBuildConfiguration section */
		565F0C3F1B2773E8001A86A8 /* Debug */ = {
			isa = XCBuildConfiguration;
			buildSettings = {
				ALWAYS_SEARCH_USER_PATHS = NO;
				CLANG_CXX_LANGUAGE_STANDARD = "gnu++0x";
				CLANG_CXX_LIBRARY = "libc++";
				CLANG_ENABLE_MODULES = YES;
				CLANG_ENABLE_OBJC_ARC = YES;
				CLANG_WARN_BOOL_CONVERSION = YES;
				CLANG_WARN_CONSTANT_CONVERSION = YES;
				CLANG_WARN_DIRECT_OBJC_ISA_USAGE = YES_ERROR;
				CLANG_WARN_EMPTY_BODY = YES;
				CLANG_WARN_ENUM_CONVERSION = YES;
				CLANG_WARN_INT_CONVERSION = YES;
				CLANG_WARN_OBJC_ROOT_CLASS = YES_ERROR;
				CLANG_WARN_UNREACHABLE_CODE = YES;
				CLANG_WARN__DUPLICATE_METHOD_MATCH = YES;
				CODE_SIGN_IDENTITY = "-";
				COPY_PHASE_STRIP = NO;
				DEBUG_INFORMATION_FORMAT = dwarf;
				ENABLE_STRICT_OBJC_MSGSEND = YES;
				ENABLE_TESTABILITY = YES;
				GCC_C_LANGUAGE_STANDARD = gnu99;
				GCC_DYNAMIC_NO_PIC = NO;
				GCC_NO_COMMON_BLOCKS = YES;
				GCC_OPTIMIZATION_LEVEL = 0;
				GCC_PREPROCESSOR_DEFINITIONS = (
					"DEBUG=1",
					"$(inherited)",
				);
				GCC_WARN_64_TO_32_BIT_CONVERSION = YES;
				GCC_WARN_ABOUT_RETURN_TYPE = YES_ERROR;
				GCC_WARN_UNDECLARED_SELECTOR = YES;
				GCC_WARN_UNINITIALIZED_AUTOS = YES_AGGRESSIVE;
				GCC_WARN_UNUSED_FUNCTION = YES;
				GCC_WARN_UNUSED_VARIABLE = YES;
				MACOSX_DEPLOYMENT_TARGET = 10.10;
				MTL_ENABLE_DEBUG_INFO = YES;
				ONLY_ACTIVE_ARCH = YES;
				SDKROOT = macosx;
				SWIFT_OPTIMIZATION_LEVEL = "-Onone";
			};
			name = Debug;
		};
		565F0C401B2773E8001A86A8 /* Release */ = {
			isa = XCBuildConfiguration;
			buildSettings = {
				ALWAYS_SEARCH_USER_PATHS = NO;
				CLANG_CXX_LANGUAGE_STANDARD = "gnu++0x";
				CLANG_CXX_LIBRARY = "libc++";
				CLANG_ENABLE_MODULES = YES;
				CLANG_ENABLE_OBJC_ARC = YES;
				CLANG_WARN_BOOL_CONVERSION = YES;
				CLANG_WARN_CONSTANT_CONVERSION = YES;
				CLANG_WARN_DIRECT_OBJC_ISA_USAGE = YES_ERROR;
				CLANG_WARN_EMPTY_BODY = YES;
				CLANG_WARN_ENUM_CONVERSION = YES;
				CLANG_WARN_INT_CONVERSION = YES;
				CLANG_WARN_OBJC_ROOT_CLASS = YES_ERROR;
				CLANG_WARN_UNREACHABLE_CODE = YES;
				CLANG_WARN__DUPLICATE_METHOD_MATCH = YES;
				CODE_SIGN_IDENTITY = "-";
				COPY_PHASE_STRIP = NO;
				DEBUG_INFORMATION_FORMAT = "dwarf-with-dsym";
				ENABLE_NS_ASSERTIONS = NO;
				ENABLE_STRICT_OBJC_MSGSEND = YES;
				GCC_C_LANGUAGE_STANDARD = gnu99;
				GCC_NO_COMMON_BLOCKS = YES;
				GCC_WARN_64_TO_32_BIT_CONVERSION = YES;
				GCC_WARN_ABOUT_RETURN_TYPE = YES_ERROR;
				GCC_WARN_UNDECLARED_SELECTOR = YES;
				GCC_WARN_UNINITIALIZED_AUTOS = YES_AGGRESSIVE;
				GCC_WARN_UNUSED_FUNCTION = YES;
				GCC_WARN_UNUSED_VARIABLE = YES;
				MACOSX_DEPLOYMENT_TARGET = 10.10;
				MTL_ENABLE_DEBUG_INFO = NO;
				SDKROOT = macosx;
			};
			name = Release;
		};
		565F0C421B2773E8001A86A8 /* Debug */ = {
			isa = XCBuildConfiguration;
			buildSettings = {
				ASSETCATALOG_COMPILER_APPICON_NAME = AppIcon;
				COMBINE_HIDPI_IMAGES = YES;
				INFOPLIST_FILE = TwitMin/Info.plist;
				LD_RUNPATH_SEARCH_PATHS = "$(inherited) @executable_path/../Frameworks";
				PRODUCT_BUNDLE_IDENTIFIER = com.peterwunder.TwitMin;
				PRODUCT_NAME = "$(TARGET_NAME)";
			};
			name = Debug;
		};
		565F0C431B2773E8001A86A8 /* Release */ = {
			isa = XCBuildConfiguration;
			buildSettings = {
				ASSETCATALOG_COMPILER_APPICON_NAME = AppIcon;
				COMBINE_HIDPI_IMAGES = YES;
				INFOPLIST_FILE = TwitMin/Info.plist;
				LD_RUNPATH_SEARCH_PATHS = "$(inherited) @executable_path/../Frameworks";
				PRODUCT_BUNDLE_IDENTIFIER = com.peterwunder.TwitMin;
				PRODUCT_NAME = "$(TARGET_NAME)";
			};
			name = Release;
		};
/* End XCBuildConfiguration section */

/* Begin XCConfigurationList section */
		565F0C2F1B2773E8001A86A8 /* Build configuration list for PBXProject "TwitMin" */ = {
			isa = XCConfigurationList;
			buildConfigurations = (
				565F0C3F1B2773E8001A86A8 /* Debug */,
				565F0C401B2773E8001A86A8 /* Release */,
			);
			defaultConfigurationIsVisible = 0;
			defaultConfigurationName = Release;
		};
		565F0C411B2773E8001A86A8 /* Build configuration list for PBXNativeTarget "TwitMin" */ = {
			isa = XCConfigurationList;
			buildConfigurations = (
				565F0C421B2773E8001A86A8 /* Debug */,
				565F0C431B2773E8001A86A8 /* Release */,
			);
			defaultConfigurationIsVisible = 0;
		};
/* End XCConfigurationList section */
	};
	rootObject = 565F0C2C1B2773E8001A86A8 /* Project object */;
}
