// !$*UTF8*$!
{
	archiveVersion = 1;
	classes = {
	};
	objectVersion = 46;
	objects = {

/* Begin PBXBuildFile section */
		560855E61B28EE9D0081487C /* DDHotKeyCenter.m in Sources */ = {isa = PBXBuildFile; fileRef = 560855E11B28EE9D0081487C /* DDHotKeyCenter.m */; };
		560855E71B28EE9D0081487C /* DDHotKeyTextField.m in Sources */ = {isa = PBXBuildFile; fileRef = 560855E31B28EE9D0081487C /* DDHotKeyTextField.m */; };
		560855E81B28EE9D0081487C /* DDHotKeyUtilities.m in Sources */ = {isa = PBXBuildFile; fileRef = 560855E51B28EE9D0081487C /* DDHotKeyUtilities.m */; };
		560855EB1B28F2A00081487C /* KeyMaskHelper.m in Sources */ = {isa = PBXBuildFile; fileRef = 560855EA1B28F2A00081487C /* KeyMaskHelper.m */; };
		565427051B2B62B800A721BD /* TMPreferencesWindowController.swift in Sources */ = {isa = PBXBuildFile; fileRef = 565427031B2B62B800A721BD /* TMPreferencesWindowController.swift */; };
		565427061B2B62B800A721BD /* TMPreferencesWindow.xib in Resources */ = {isa = PBXBuildFile; fileRef = 565427041B2B62B800A721BD /* TMPreferencesWindow.xib */; };
		565427091B2B62EC00A721BD /* TMAboutWindowController.swift in Sources */ = {isa = PBXBuildFile; fileRef = 565427071B2B62EC00A721BD /* TMAboutWindowController.swift */; };
		5654270A1B2B62EC00A721BD /* TMAboutWindow.xib in Resources */ = {isa = PBXBuildFile; fileRef = 565427081B2B62EC00A721BD /* TMAboutWindow.xib */; };
		5654270D1B2B77AC00A721BD /* TMTweetWindowController.swift in Sources */ = {isa = PBXBuildFile; fileRef = 5654270B1B2B77AC00A721BD /* TMTweetWindowController.swift */; };
		5654270E1B2B77AC00A721BD /* TMTweetWindow.xib in Resources */ = {isa = PBXBuildFile; fileRef = 5654270C1B2B77AC00A721BD /* TMTweetWindow.xib */; };
		565427101B2B814100A721BD /* TMTweetWindow.swift in Sources */ = {isa = PBXBuildFile; fileRef = 5654270F1B2B814100A721BD /* TMTweetWindow.swift */; };
		565F0C381B2773E8001A86A8 /* AppDelegate.swift in Sources */ = {isa = PBXBuildFile; fileRef = 565F0C371B2773E8001A86A8 /* AppDelegate.swift */; };
		565F0C3A1B2773E8001A86A8 /* Assets.xcassets in Resources */ = {isa = PBXBuildFile; fileRef = 565F0C391B2773E8001A86A8 /* Assets.xcassets */; };
		565F0C3D1B2773E8001A86A8 /* MainMenu.xib in Resources */ = {isa = PBXBuildFile; fileRef = 565F0C3B1B2773E8001A86A8 /* MainMenu.xib */; };
		565F0C451B2774C0001A86A8 /* Social.framework in Frameworks */ = {isa = PBXBuildFile; fileRef = 565F0C441B2774C0001A86A8 /* Social.framework */; };
		565F0C771B279DC2001A86A8 /* TwitterText.m in Sources */ = {isa = PBXBuildFile; fileRef = 565F0C761B279DC2001A86A8 /* TwitterText.m */; };
		565F0C7A1B279DF4001A86A8 /* TwitterTextEntity.m in Sources */ = {isa = PBXBuildFile; fileRef = 565F0C791B279DF4001A86A8 /* TwitterTextEntity.m */; };
		569A364A1B2C624300FDF9D7 /* TMAboutWindow.swift in Sources */ = {isa = PBXBuildFile; fileRef = 569A36491B2C624300FDF9D7 /* TMAboutWindow.swift */; };
		569A364E1B2CCB1200FDF9D7 /* TMTextField.swift in Sources */ = {isa = PBXBuildFile; fileRef = 569A364D1B2CCB1200FDF9D7 /* TMTextField.swift */; };
		56D7146F1B2E3BDF00201C73 /* Credits.rtf in Resources */ = {isa = PBXBuildFile; fileRef = 56D7146E1B2E3BDF00201C73 /* Credits.rtf */; };
/* End PBXBuildFile section */

/* Begin PBXCopyFilesBuildPhase section */
		565F0C601B2781D2001A86A8 /* Embed Frameworks */ = {
			isa = PBXCopyFilesBuildPhase;
			buildActionMask = 2147483647;
			dstPath = "";
			dstSubfolderSpec = 10;
			files = (
			);
			name = "Embed Frameworks";
			runOnlyForDeploymentPostprocessing = 0;
		};
		56ACDC061B2F70DA0008BDAB /* CopyFiles */ = {
			isa = PBXCopyFilesBuildPhase;
			buildActionMask = 2147483647;
			dstPath = "";
			dstSubfolderSpec = 10;
			files = (
			);
			runOnlyForDeploymentPostprocessing = 0;
		};
/* End PBXCopyFilesBuildPhase section */

/* Begin PBXFileReference section */
		560855E01B28EE9D0081487C /* DDHotKeyCenter.h */ = {isa = PBXFileReference; fileEncoding = 4; lastKnownFileType = sourcecode.c.h; name = DDHotKeyCenter.h; path = ../../../../GitHub/DDHotKey/DDHotKeyCenter.h; sourceTree = "<group>"; };
		560855E11B28EE9D0081487C /* DDHotKeyCenter.m */ = {isa = PBXFileReference; fileEncoding = 4; lastKnownFileType = sourcecode.c.objc; name = DDHotKeyCenter.m; path = ../../../../GitHub/DDHotKey/DDHotKeyCenter.m; sourceTree = "<group>"; };
		560855E21B28EE9D0081487C /* DDHotKeyTextField.h */ = {isa = PBXFileReference; fileEncoding = 4; lastKnownFileType = sourcecode.c.h; name = DDHotKeyTextField.h; path = ../../../../GitHub/DDHotKey/DDHotKeyTextField.h; sourceTree = "<group>"; };
		560855E31B28EE9D0081487C /* DDHotKeyTextField.m */ = {isa = PBXFileReference; fileEncoding = 4; lastKnownFileType = sourcecode.c.objc; name = DDHotKeyTextField.m; path = ../../../../GitHub/DDHotKey/DDHotKeyTextField.m; sourceTree = "<group>"; };
		560855E41B28EE9D0081487C /* DDHotKeyUtilities.h */ = {isa = PBXFileReference; fileEncoding = 4; lastKnownFileType = sourcecode.c.h; name = DDHotKeyUtilities.h; path = ../../../../GitHub/DDHotKey/DDHotKeyUtilities.h; sourceTree = "<group>"; };
		560855E51B28EE9D0081487C /* DDHotKeyUtilities.m */ = {isa = PBXFileReference; fileEncoding = 4; lastKnownFileType = sourcecode.c.objc; name = DDHotKeyUtilities.m; path = ../../../../GitHub/DDHotKey/DDHotKeyUtilities.m; sourceTree = "<group>"; };
		560855E91B28F2A00081487C /* KeyMaskHelper.h */ = {isa = PBXFileReference; fileEncoding = 4; lastKnownFileType = sourcecode.c.h; path = KeyMaskHelper.h; sourceTree = "<group>"; };
		560855EA1B28F2A00081487C /* KeyMaskHelper.m */ = {isa = PBXFileReference; fileEncoding = 4; lastKnownFileType = sourcecode.c.objc; path = KeyMaskHelper.m; sourceTree = "<group>"; };
		565427031B2B62B800A721BD /* TMPreferencesWindowController.swift */ = {isa = PBXFileReference; fileEncoding = 4; lastKnownFileType = sourcecode.swift; name = TMPreferencesWindowController.swift; path = ../TMPreferencesWindowController.swift; sourceTree = "<group>"; };
		565427041B2B62B800A721BD /* TMPreferencesWindow.xib */ = {isa = PBXFileReference; fileEncoding = 4; lastKnownFileType = file.xib; name = TMPreferencesWindow.xib; path = ../TMPreferencesWindow.xib; sourceTree = "<group>"; };
		565427071B2B62EC00A721BD /* TMAboutWindowController.swift */ = {isa = PBXFileReference; fileEncoding = 4; lastKnownFileType = sourcecode.swift; path = TMAboutWindowController.swift; sourceTree = "<group>"; };
		565427081B2B62EC00A721BD /* TMAboutWindow.xib */ = {isa = PBXFileReference; fileEncoding = 4; lastKnownFileType = file.xib; path = TMAboutWindow.xib; sourceTree = "<group>"; };
		5654270B1B2B77AC00A721BD /* TMTweetWindowController.swift */ = {isa = PBXFileReference; fileEncoding = 4; lastKnownFileType = sourcecode.swift; path = TMTweetWindowController.swift; sourceTree = "<group>"; };
		5654270C1B2B77AC00A721BD /* TMTweetWindow.xib */ = {isa = PBXFileReference; fileEncoding = 4; lastKnownFileType = file.xib; path = TMTweetWindow.xib; sourceTree = "<group>"; };
		5654270F1B2B814100A721BD /* TMTweetWindow.swift */ = {isa = PBXFileReference; fileEncoding = 4; lastKnownFileType = sourcecode.swift; path = TMTweetWindow.swift; sourceTree = "<group>"; };
		565F0C341B2773E8001A86A8 /* TwitMin.app */ = {isa = PBXFileReference; explicitFileType = wrapper.application; includeInIndex = 0; path = TwitMin.app; sourceTree = BUILT_PRODUCTS_DIR; };
		565F0C371B2773E8001A86A8 /* AppDelegate.swift */ = {isa = PBXFileReference; lastKnownFileType = sourcecode.swift; path = AppDelegate.swift; sourceTree = "<group>"; };
		565F0C391B2773E8001A86A8 /* Assets.xcassets */ = {isa = PBXFileReference; lastKnownFileType = folder.assetcatalog; path = Assets.xcassets; sourceTree = "<group>"; };
		565F0C3C1B2773E8001A86A8 /* Base */ = {isa = PBXFileReference; lastKnownFileType = file.xib; name = Base; path = Base.lproj/MainMenu.xib; sourceTree = "<group>"; };
		565F0C3E1B2773E8001A86A8 /* Info.plist */ = {isa = PBXFileReference; lastKnownFileType = text.plist.xml; path = Info.plist; sourceTree = "<group>"; };
		565F0C441B2774C0001A86A8 /* Social.framework */ = {isa = PBXFileReference; lastKnownFileType = wrapper.framework; name = Social.framework; path = System/Library/Frameworks/Social.framework; sourceTree = SDKROOT; };
		565F0C741B279DC2001A86A8 /* TwitMin-Bridging-Header.h */ = {isa = PBXFileReference; lastKnownFileType = sourcecode.c.h; path = "TwitMin-Bridging-Header.h"; sourceTree = "<group>"; };
		565F0C751B279DC2001A86A8 /* TwitterText.h */ = {isa = PBXFileReference; fileEncoding = 4; lastKnownFileType = sourcecode.c.h; path = TwitterText.h; sourceTree = "<group>"; };
		565F0C761B279DC2001A86A8 /* TwitterText.m */ = {isa = PBXFileReference; fileEncoding = 4; lastKnownFileType = sourcecode.c.objc; path = TwitterText.m; sourceTree = "<group>"; };
		565F0C781B279DF4001A86A8 /* TwitterTextEntity.h */ = {isa = PBXFileReference; fileEncoding = 4; lastKnownFileType = sourcecode.c.h; path = TwitterTextEntity.h; sourceTree = "<group>"; };
		565F0C791B279DF4001A86A8 /* TwitterTextEntity.m */ = {isa = PBXFileReference; fileEncoding = 4; lastKnownFileType = sourcecode.c.objc; path = TwitterTextEntity.m; sourceTree = "<group>"; };
		569A36491B2C624300FDF9D7 /* TMAboutWindow.swift */ = {isa = PBXFileReference; fileEncoding = 4; lastKnownFileType = sourcecode.swift; path = TMAboutWindow.swift; sourceTree = "<group>"; };
		569A364D1B2CCB1200FDF9D7 /* TMTextField.swift */ = {isa = PBXFileReference; fileEncoding = 4; lastKnownFileType = sourcecode.swift; path = TMTextField.swift; sourceTree = "<group>"; };
		56A8C3771B2A3DD000699998 /* TwitMin.entitlements */ = {isa = PBXFileReference; lastKnownFileType = text.xml; path = TwitMin.entitlements; sourceTree = "<group>"; };
		56D7146E1B2E3BDF00201C73 /* Credits.rtf */ = {isa = PBXFileReference; fileEncoding = 4; lastKnownFileType = text.rtf; path = Credits.rtf; sourceTree = "<group>"; };
/* End PBXFileReference section */

/* Begin PBXFrameworksBuildPhase section */
		565F0C311B2773E8001A86A8 /* Frameworks */ = {
			isa = PBXFrameworksBuildPhase;
			buildActionMask = 2147483647;
			files = (
				565F0C451B2774C0001A86A8 /* Social.framework in Frameworks */,
			);
			runOnlyForDeploymentPostprocessing = 0;
		};
/* End PBXFrameworksBuildPhase section */

/* Begin PBXGroup section */
		560855DF1B28EE840081487C /* DDHotKey */ = {
			isa = PBXGroup;
			children = (
				560855E01B28EE9D0081487C /* DDHotKeyCenter.h */,
				560855E11B28EE9D0081487C /* DDHotKeyCenter.m */,
				560855E21B28EE9D0081487C /* DDHotKeyTextField.h */,
				560855E31B28EE9D0081487C /* DDHotKeyTextField.m */,
				560855E41B28EE9D0081487C /* DDHotKeyUtilities.h */,
				560855E51B28EE9D0081487C /* DDHotKeyUtilities.m */,
				560855E91B28F2A00081487C /* KeyMaskHelper.h */,
				560855EA1B28F2A00081487C /* KeyMaskHelper.m */,
			);
			name = DDHotKey;
			sourceTree = "<group>";
		};
		565F0C2B1B2773E8001A86A8 = {
			isa = PBXGroup;
			children = (
				565F0C441B2774C0001A86A8 /* Social.framework */,
				565F0C361B2773E8001A86A8 /* TwitMin */,
				565F0C351B2773E8001A86A8 /* Products */,
			);
			sourceTree = "<group>";
		};
		565F0C351B2773E8001A86A8 /* Products */ = {
			isa = PBXGroup;
			children = (
				565F0C341B2773E8001A86A8 /* TwitMin.app */,
			);
			name = Products;
			sourceTree = "<group>";
		};
		565F0C361B2773E8001A86A8 /* TwitMin */ = {
			isa = PBXGroup;
			children = (
				565F0C731B279D66001A86A8 /* TwitterText */,
				560855DF1B28EE840081487C /* DDHotKey */,
				565F0C391B2773E8001A86A8 /* Assets.xcassets */,
				56A8C3771B2A3DD000699998 /* TwitMin.entitlements */,
				565F0C741B279DC2001A86A8 /* TwitMin-Bridging-Header.h */,
				565F0C371B2773E8001A86A8 /* AppDelegate.swift */,
				565F0C3B1B2773E8001A86A8 /* MainMenu.xib */,
				5654270B1B2B77AC00A721BD /* TMTweetWindowController.swift */,
				5654270C1B2B77AC00A721BD /* TMTweetWindow.xib */,
				5654270F1B2B814100A721BD /* TMTweetWindow.swift */,
				565427031B2B62B800A721BD /* TMPreferencesWindowController.swift */,
				565427041B2B62B800A721BD /* TMPreferencesWindow.xib */,
				565427071B2B62EC00A721BD /* TMAboutWindowController.swift */,
				565427081B2B62EC00A721BD /* TMAboutWindow.xib */,
				569A36491B2C624300FDF9D7 /* TMAboutWindow.swift */,
				569A364D1B2CCB1200FDF9D7 /* TMTextField.swift */,
				56D7146E1B2E3BDF00201C73 /* Credits.rtf */,
				565F0C3E1B2773E8001A86A8 /* Info.plist */,
			);
			path = TwitMin;
			sourceTree = "<group>";
		};
		565F0C731B279D66001A86A8 /* TwitterText */ = {
			isa = PBXGroup;
			children = (
				565F0C751B279DC2001A86A8 /* TwitterText.h */,
				565F0C761B279DC2001A86A8 /* TwitterText.m */,
				565F0C781B279DF4001A86A8 /* TwitterTextEntity.h */,
				565F0C791B279DF4001A86A8 /* TwitterTextEntity.m */,
			);
			name = TwitterText;
			sourceTree = "<group>";
		};
/* End PBXGroup section */

/* Begin PBXNativeTarget section */
		565F0C331B2773E8001A86A8 /* TwitMin */ = {
			isa = PBXNativeTarget;
			buildConfigurationList = 565F0C411B2773E8001A86A8 /* Build configuration list for PBXNativeTarget "TwitMin" */;
			buildPhases = (
				565F0C301B2773E8001A86A8 /* Sources */,
				565F0C311B2773E8001A86A8 /* Frameworks */,
				565F0C321B2773E8001A86A8 /* Resources */,
				565F0C601B2781D2001A86A8 /* Embed Frameworks */,
				56ACDC061B2F70DA0008BDAB /* CopyFiles */,
			);
			buildRules = (
			);
			dependencies = (
			);
			name = TwitMin;
			productName = TwitMin;
			productReference = 565F0C341B2773E8001A86A8 /* TwitMin.app */;
			productType = "com.apple.product-type.application";
		};
/* End PBXNativeTarget section */

/* Begin PBXProject section */
		565F0C2C1B2773E8001A86A8 /* Project object */ = {
			isa = PBXProject;
			attributes = {
				LastSwiftUpdateCheck = 0700;
				LastUpgradeCheck = 0700;
				ORGANIZATIONNAME = "Peter Wunder";
				TargetAttributes = {
					565F0C331B2773E8001A86A8 = {
						CreatedOnToolsVersion = 7.0;
						SystemCapabilities = {
							com.apple.Sandbox = {
								enabled = 1;
							};
						};
					};
				};
			};
			buildConfigurationList = 565F0C2F1B2773E8001A86A8 /* Build configuration list for PBXProject "TwitMin" */;
			compatibilityVersion = "Xcode 3.2";
			developmentRegion = English;
			hasScannedForEncodings = 0;
			knownRegions = (
				en,
				Base,
			);
			mainGroup = 565F0C2B1B2773E8001A86A8;
			productRefGroup = 565F0C351B2773E8001A86A8 /* Products */;
			projectDirPath = "";
			projectRoot = "";
			targets = (
				565F0C331B2773E8001A86A8 /* TwitMin */,
			);
		};
/* End PBXProject section */

/* Begin PBXResourcesBuildPhase section */
		565F0C321B2773E8001A86A8 /* Resources */ = {
			isa = PBXResourcesBuildPhase;
			buildActionMask = 2147483647;
			files = (
				5654270A1B2B62EC00A721BD /* TMAboutWindow.xib in Resources */,
				56D7146F1B2E3BDF00201C73 /* Credits.rtf in Resources */,
				565F0C3A1B2773E8001A86A8 /* Assets.xcassets in Resources */,
				5654270E1B2B77AC00A721BD /* TMTweetWindow.xib in Resources */,
				565F0C3D1B2773E8001A86A8 /* MainMenu.xib in Resources */,
				565427061B2B62B800A721BD /* TMPreferencesWindow.xib in Resources */,
			);
			runOnlyForDeploymentPostprocessing = 0;
		};
/* End PBXResourcesBuildPhase section */

/* Begin PBXSourcesBuildPhase section */
		565F0C301B2773E8001A86A8 /* Sources */ = {
			isa = PBXSourcesBuildPhase;
			buildActionMask = 2147483647;
			files = (
				560855EB1B28F2A00081487C /* KeyMaskHelper.m in Sources */,
				560855E61B28EE9D0081487C /* DDHotKeyCenter.m in Sources */,
				569A364A1B2C624300FDF9D7 /* TMAboutWindow.swift in Sources */,
				565F0C381B2773E8001A86A8 /* AppDelegate.swift in Sources */,
				560855E81B28EE9D0081487C /* DDHotKeyUtilities.m in Sources */,
				565F0C771B279DC2001A86A8 /* TwitterText.m in Sources */,
				565427091B2B62EC00A721BD /* TMAboutWindowController.swift in Sources */,
				560855E71B28EE9D0081487C /* DDHotKeyTextField.m in Sources */,
				565427101B2B814100A721BD /* TMTweetWindow.swift in Sources */,
				565427051B2B62B800A721BD /* TMPreferencesWindowController.swift in Sources */,
				5654270D1B2B77AC00A721BD /* TMTweetWindowController.swift in Sources */,
				569A364E1B2CCB1200FDF9D7 /* TMTextField.swift in Sources */,
				565F0C7A1B279DF4001A86A8 /* TwitterTextEntity.m in Sources */,
			);
			runOnlyForDeploymentPostprocessing = 0;
		};
/* End PBXSourcesBuildPhase section */

/* Begin PBXVariantGroup section */
		565F0C3B1B2773E8001A86A8 /* MainMenu.xib */ = {
			isa = PBXVariantGroup;
			children = (
				565F0C3C1B2773E8001A86A8 /* Base */,
			);
			name = MainMenu.xib;
			sourceTree = "<group>";
		};
/* End PBXVariantGroup section */

/* Begin XCBuildConfiguration section */
		565F0C3F1B2773E8001A86A8 /* Debug */ = {
			isa = XCBuildConfiguration;
			buildSettings = {
				ALWAYS_SEARCH_USER_PATHS = NO;
				CLANG_CXX_LANGUAGE_STANDARD = "gnu++0x";
				CLANG_CXX_LIBRARY = "libc++";
				CLANG_ENABLE_MODULES = YES;
				CLANG_ENABLE_OBJC_ARC = YES;
				CLANG_WARN_BOOL_CONVERSION = YES;
				CLANG_WARN_CONSTANT_CONVERSION = YES;
				CLANG_WARN_DIRECT_OBJC_ISA_USAGE = YES_ERROR;
				CLANG_WARN_EMPTY_BODY = YES;
				CLANG_WARN_ENUM_CONVERSION = YES;
				CLANG_WARN_INT_CONVERSION = YES;
				CLANG_WARN_OBJC_ROOT_CLASS = YES_ERROR;
				CLANG_WARN_UNREACHABLE_CODE = YES;
				CLANG_WARN__DUPLICATE_METHOD_MATCH = YES;
				CODE_SIGN_IDENTITY = "-";
				COPY_PHASE_STRIP = NO;
				DEBUG_INFORMATION_FORMAT = dwarf;
				ENABLE_STRICT_OBJC_MSGSEND = YES;
				ENABLE_TESTABILITY = YES;
				GCC_C_LANGUAGE_STANDARD = gnu99;
				GCC_DYNAMIC_NO_PIC = NO;
				GCC_NO_COMMON_BLOCKS = YES;
				GCC_OPTIMIZATION_LEVEL = 0;
				GCC_PREPROCESSOR_DEFINITIONS = (
					"DEBUG=1",
					"$(inherited)",
				);
				GCC_WARN_64_TO_32_BIT_CONVERSION = YES;
				GCC_WARN_ABOUT_RETURN_TYPE = YES_ERROR;
				GCC_WARN_UNDECLARED_SELECTOR = YES;
				GCC_WARN_UNINITIALIZED_AUTOS = YES_AGGRESSIVE;
				GCC_WARN_UNUSED_FUNCTION = YES;
				GCC_WARN_UNUSED_VARIABLE = YES;
				MACOSX_DEPLOYMENT_TARGET = 10.10;
				MTL_ENABLE_DEBUG_INFO = YES;
				ONLY_ACTIVE_ARCH = YES;
				SDKROOT = macosx;
				SWIFT_OPTIMIZATION_LEVEL = "-Onone";
			};
			name = Debug;
		};
		565F0C401B2773E8001A86A8 /* Release */ = {
			isa = XCBuildConfiguration;
			buildSettings = {
				ALWAYS_SEARCH_USER_PATHS = NO;
				CLANG_CXX_LANGUAGE_STANDARD = "gnu++0x";
				CLANG_CXX_LIBRARY = "libc++";
				CLANG_ENABLE_MODULES = YES;
				CLANG_ENABLE_OBJC_ARC = YES;
				CLANG_WARN_BOOL_CONVERSION = YES;
				CLANG_WARN_CONSTANT_CONVERSION = YES;
				CLANG_WARN_DIRECT_OBJC_ISA_USAGE = YES_ERROR;
				CLANG_WARN_EMPTY_BODY = YES;
				CLANG_WARN_ENUM_CONVERSION = YES;
				CLANG_WARN_INT_CONVERSION = YES;
				CLANG_WARN_OBJC_ROOT_CLASS = YES_ERROR;
				CLANG_WARN_UNREACHABLE_CODE = YES;
				CLANG_WARN__DUPLICATE_METHOD_MATCH = YES;
				CODE_SIGN_IDENTITY = "-";
				COPY_PHASE_STRIP = NO;
				DEBUG_INFORMATION_FORMAT = "dwarf-with-dsym";
				ENABLE_NS_ASSERTIONS = NO;
				ENABLE_STRICT_OBJC_MSGSEND = YES;
				GCC_C_LANGUAGE_STANDARD = gnu99;
				GCC_NO_COMMON_BLOCKS = YES;
				GCC_WARN_64_TO_32_BIT_CONVERSION = YES;
				GCC_WARN_ABOUT_RETURN_TYPE = YES_ERROR;
				GCC_WARN_UNDECLARED_SELECTOR = YES;
				GCC_WARN_UNINITIALIZED_AUTOS = YES_AGGRESSIVE;
				GCC_WARN_UNUSED_FUNCTION = YES;
				GCC_WARN_UNUSED_VARIABLE = YES;
				MACOSX_DEPLOYMENT_TARGET = 10.10;
				MTL_ENABLE_DEBUG_INFO = NO;
				SDKROOT = macosx;
			};
			name = Release;
		};
		565F0C421B2773E8001A86A8 /* Debug */ = {
			isa = XCBuildConfiguration;
			buildSettings = {
				ASSETCATALOG_COMPILER_APPICON_NAME = AppIcon;
				CLANG_ENABLE_MODULES = YES;
				CODE_SIGN_ENTITLEMENTS = TwitMin/TwitMin.entitlements;
				COMBINE_HIDPI_IMAGES = YES;
				EMBEDDED_CONTENT_CONTAINS_SWIFT = YES;
				INFOPLIST_FILE = TwitMin/Info.plist;
				LD_RUNPATH_SEARCH_PATHS = "$(inherited) @executable_path/../Frameworks";
				OTHER_LDFLAGS = "";
				PRODUCT_BUNDLE_IDENTIFIER = com.peterwunder.TwitMin;
				PRODUCT_NAME = "$(TARGET_NAME)";
				SWIFT_OBJC_BRIDGING_HEADER = "TwitMin/TwitMin-Bridging-Header.h";
				SWIFT_OPTIMIZATION_LEVEL = "-Onone";
			};
			name = Debug;
		};
		565F0C431B2773E8001A86A8 /* Release */ = {
			isa = XCBuildConfiguration;
			buildSettings = {
				ASSETCATALOG_COMPILER_APPICON_NAME = AppIcon;
				CLANG_ENABLE_MODULES = YES;
				CODE_SIGN_ENTITLEMENTS = TwitMin/TwitMin.entitlements;
				COMBINE_HIDPI_IMAGES = YES;
				EMBEDDED_CONTENT_CONTAINS_SWIFT = YES;
				INFOPLIST_FILE = TwitMin/Info.plist;
				LD_RUNPATH_SEARCH_PATHS = "$(inherited) @executable_path/../Frameworks";
				OTHER_LDFLAGS = "";
				PRODUCT_BUNDLE_IDENTIFIER = com.peterwunder.TwitMin;
				PRODUCT_NAME = "$(TARGET_NAME)";
				SWIFT_OBJC_BRIDGING_HEADER = "TwitMin/TwitMin-Bridging-Header.h";
			};
			name = Release;
		};
/* End XCBuildConfiguration section */

/* Begin XCConfigurationList section */
		565F0C2F1B2773E8001A86A8 /* Build configuration list for PBXProject "TwitMin" */ = {
			isa = XCConfigurationList;
			buildConfigurations = (
				565F0C3F1B2773E8001A86A8 /* Debug */,
				565F0C401B2773E8001A86A8 /* Release */,
			);
			defaultConfigurationIsVisible = 0;
			defaultConfigurationName = Release;
		};
		565F0C411B2773E8001A86A8 /* Build configuration list for PBXNativeTarget "TwitMin" */ = {
			isa = XCConfigurationList;
			buildConfigurations = (
				565F0C421B2773E8001A86A8 /* Debug */,
				565F0C431B2773E8001A86A8 /* Release */,
			);
			defaultConfigurationIsVisible = 0;
			defaultConfigurationName = Release;
		};
/* End XCConfigurationList section */
	};
	rootObject = 565F0C2C1B2773E8001A86A8 /* Project object */;
}
